
Microsoft Visual Studio Solution File, Format Version 12.00
# Visual Studio 15
VisualStudioVersion = 15.0.26730.15
MinimumVisualStudioVersion = 10.0.40219.1
Project("{9A19103F-16F7-4668-BE54-9A1E7A4F7556}") = "Tavisca.Training2017.HotelBooking", "Tavisca.Training2017.HotelBooking\Tavisca.Training2017.HotelBooking.csproj", "{C8241C62-8566-4690-8E5A-8D4422C87C56}"
EndProject
Project("{9A19103F-16F7-4668-BE54-9A1E7A4F7556}") = "Tavisca.Training2017.HotelBooking.Tests", "Tavisca.Training2017.HotelBooking.Tests\Tavisca.Training2017.HotelBooking.Tests.csproj", "{C31FC104-EF57-4690-8315-D715C5455128}"
EndProject
Project("{9A19103F-16F7-4668-BE54-9A1E7A4F7556}") = "Connector", "Connectors\Connector.csproj", "{78E1E9A7-6021-4AE0-9703-E7078BC4038D}"
EndProject
Project("{9A19103F-16F7-4668-BE54-9A1E7A4F7556}") = "BusinessLayer", "BusinessLayer\BusinessLayer.csproj", "{016E3DB4-8551-4C77-A71E-F19500237B05}"
EndProject
Project("{9A19103F-16F7-4668-BE54-9A1E7A4F7556}") = "Services", "Contract\Services.csproj", "{4B8CCF8F-9F0F-4B43-AD9E-2036688E8AC8}"
EndProject
Global
	GlobalSection(SolutionConfigurationPlatforms) = preSolution
		Debug|Any CPU = Debug|Any CPU
		Release|Any CPU = Release|Any CPU
	EndGlobalSection
	GlobalSection(ProjectConfigurationPlatforms) = postSolution
		{C8241C62-8566-4690-8E5A-8D4422C87C56}.Debug|Any CPU.ActiveCfg = Debug|Any CPU
		{C8241C62-8566-4690-8E5A-8D4422C87C56}.Debug|Any CPU.Build.0 = Debug|Any CPU
		{C8241C62-8566-4690-8E5A-8D4422C87C56}.Release|Any CPU.ActiveCfg = Release|Any CPU
		{C8241C62-8566-4690-8E5A-8D4422C87C56}.Release|Any CPU.Build.0 = Release|Any CPU
		{C31FC104-EF57-4690-8315-D715C5455128}.Debug|Any CPU.ActiveCfg = Debug|Any CPU
		{C31FC104-EF57-4690-8315-D715C5455128}.Debug|Any CPU.Build.0 = Debug|Any CPU
		{C31FC104-EF57-4690-8315-D715C5455128}.Release|Any CPU.ActiveCfg = Release|Any CPU
		{C31FC104-EF57-4690-8315-D715C5455128}.Release|Any CPU.Build.0 = Release|Any CPU
		{78E1E9A7-6021-4AE0-9703-E7078BC4038D}.Debug|Any CPU.ActiveCfg = Debug|Any CPU
		{78E1E9A7-6021-4AE0-9703-E7078BC4038D}.Debug|Any CPU.Build.0 = Debug|Any CPU
		{78E1E9A7-6021-4AE0-9703-E7078BC4038D}.Release|Any CPU.ActiveCfg = Release|Any CPU
		{78E1E9A7-6021-4AE0-9703-E7078BC4038D}.Release|Any CPU.Build.0 = Release|Any CPU
		{016E3DB4-8551-4C77-A71E-F19500237B05}.Debug|Any CPU.ActiveCfg = Debug|Any CPU
		{016E3DB4-8551-4C77-A71E-F19500237B05}.Debug|Any CPU.Build.0 = Debug|Any CPU
		{016E3DB4-8551-4C77-A71E-F19500237B05}.Release|Any CPU.ActiveCfg = Release|Any CPU
		{016E3DB4-8551-4C77-A71E-F19500237B05}.Release|Any CPU.Build.0 = Release|Any CPU
		{4B8CCF8F-9F0F-4B43-AD9E-2036688E8AC8}.Debug|Any CPU.ActiveCfg = Debug|Any CPU
		{4B8CCF8F-9F0F-4B43-AD9E-2036688E8AC8}.Debug|Any CPU.Build.0 = Debug|Any CPU
		{4B8CCF8F-9F0F-4B43-AD9E-2036688E8AC8}.Release|Any CPU.ActiveCfg = Release|Any CPU
		{4B8CCF8F-9F0F-4B43-AD9E-2036688E8AC8}.Release|Any CPU.Build.0 = Release|Any CPU
	EndGlobalSection
	GlobalSection(SolutionProperties) = preSolution
		HideSolutionNode = FALSE
	EndGlobalSection
	GlobalSection(ExtensibilityGlobals) = postSolution
		SolutionGuid = {9F5BE39D-59E1-4403-912F-0340EFF8DF39}
	EndGlobalSection
EndGlobal
